
Microsoft Visual Studio Solution File, Format Version 12.00
Project("{FAE04EC0-301F-11D3-BF4B-00C04F79EFBC}") = "Hw3part2", "Hw3part2\Hw3part2.csproj", "{DED1D459-BC77-4CE1-92D3-E74A77E2D297}"
EndProject
Global
	GlobalSection(SolutionConfigurationPlatforms) = preSolution
		Debug|Any CPU = Debug|Any CPU
		Release|Any CPU = Release|Any CPU
	EndGlobalSection
	GlobalSection(ProjectConfigurationPlatforms) = postSolution
		{DED1D459-BC77-4CE1-92D3-E74A77E2D297}.Debug|Any CPU.ActiveCfg = Debug|Any CPU
		{DED1D459-BC77-4CE1-92D3-E74A77E2D297}.Debug|Any CPU.Build.0 = Debug|Any CPU
		{DED1D459-BC77-4CE1-92D3-E74A77E2D297}.Release|Any CPU.ActiveCfg = Release|Any CPU
		{DED1D459-BC77-4CE1-92D3-E74A77E2D297}.Release|Any CPU.Build.0 = Release|Any CPU
	EndGlobalSection
EndGlobal
